{
    "_meta": {
        "hash": {
            "sha256": "9a04abc29e812c44332712cc10a53c12754bdd77145120d8b6589256bd346410"
        },
        "pipfile-spec": 6,
        "requires": {
            "python_full_version": "3.10.0",
            "python_version": "3.10"
        },
        "sources": [
            {
                "name": "pypi",
                "url": "https://pypi.org/simple",
                "verify_ssl": true
            }
        ]
    },
    "default": {
        "asyncmy": {
            "hashes": [
                "sha256:07285d782e2aa19a5a2b9ac13471f4d511959bee1d4bfb6cc71566de92236969",
                "sha256:097977b83e02d6fabdb26bfc3b574b1ee43aaf99f97f9d04214f081f7809be87",
                "sha256:0a18d8658e5fd7568448749f3cf1e2ced5e98eeade8146106f788f8d0c059729",
                "sha256:103b16771b253e634e59987412dfe914e0191b259c003b0b390caf3db0f8c090",
                "sha256:108e04113b49113b786cfe906131a72a4b453d6157cd30f0bde6beef3dae07a9",
                "sha256:128a08661c3243d1799776c1ff1b6024fb063bdfefe1b1debc10d65887a69562",
                "sha256:1324af3d552aa2833f45ae6330f98a2f243d37aa49ca3a92bde4e72f6e2603a4",
                "sha256:13318e54acabb6759eabf2af2113398ed0de93826416c2cdbf39490c80256ae0",
                "sha256:15fbd1358480b38c157307dae92cd7cf6204dcd77b6456c0516da78d5f40da95",
                "sha256:21619f0907ce759337e8ed422983614ace1fccdf63520371171681664c60a376",
                "sha256:2a80b5912167b0163845e62f3a9a1f9c9b269bacff01011c6e1222ca06f8af09",
                "sha256:2bd4f8721308cf8d33b2af0edaf7df50082371925111966d639807addcf47bd3",
                "sha256:3948ed5801aafb4449d8f1c9443e14a45103cf3d326ffcd4378b5fff532670b2",
                "sha256:3d5250e767192e8c3c428b1771bb4bc0f8b1d487c5c134747495c8e3ad46c32f",
                "sha256:4a99d5242e5b9d7aee9e743ba13f6ec6465ef60bd79a91cc2ad5f286b6c51b6d",
                "sha256:5042879e22bb6a9c7d52562e0cb0d4560225846f2c38da983f8cd3094f8223e1",
                "sha256:55f8290cd5e567051bbaf2c4a08563af91275f442030b8e0ad456d24c83a4011",
                "sha256:595dab7760d8cc38b93b0bd348083ea152b5ea6eac989e4a866e16c48ec3a6e5",
                "sha256:5d4ecc3afd1b80e98cf0de7ef168eb97159e3ad45d6aca989befd58e9fb977e9",
                "sha256:5fe7cc5914a3264a18bf9513a82ed6aa94cebde02d6cab3da992b0e4c30f1897",
                "sha256:641c49117522f7fa415786181d52ef0f9a1bc477390960574c3275ecdfd894aa",
                "sha256:64882024cddf4b94538fc96c52d15dc38ffd8f464e714e49a8779e0169d923e2",
                "sha256:64ce7a0ab89bbf87a33c2ed66709f438bf1f64feb5ebe24169d8435965ac2171",
                "sha256:652c7dc1cfbd5d3a341aa9a4981435f6d87d105c8ea31e0acd817dea3447f8f3",
                "sha256:69c17bfbf22ba125b76c08c79118d043b4b4076369800b7ecef09cedf15466a0",
                "sha256:6a2c65e3c8c9506980903639b4190f90e7dda29c4e963187fc14941d1f8ccff0",
                "sha256:6c885ae646f288bf3e130babb06bbe2a536975eb3bf16a340e4376bfa81e1107",
                "sha256:707c55b286d6d6d1e0e3ccbe5fbf5be24ea320d75fd61eec65cccd323d29ee8a",
                "sha256:71b02357570f990b8b46b085f1eb6265470be7b1dab15171bc4d01c3a5d9f437",
                "sha256:772ab5f400e15ee26515b874b10ac038bb4685d30f253bef134925391be91ed6",
                "sha256:799368f91f28fb21327bd0ca0875fa0b509d7f256476f083dc66805d26551321",
                "sha256:7a56ef1df9a4ffb984439fc211a66a508faf22eb20a013d2c15f663c7e835ff6",
                "sha256:7d7697e5db6d27296d190b0c174af5b81f597bdbc76b86e782d94d2793820cbd",
                "sha256:80efebee605f98dfd11a3deb1e0c0e278edb1b22e65a555b0cc9a49718fe6d87",
                "sha256:8a02cedca52cb4988fe2a07527351fd3d90b5a88cdd4dcc88d924fbe2dd36fee",
                "sha256:a0ce331a6b093b67d0646f7c807cfbef0b62d3166b22cab0d7c4bb7c6963ae0e",
                "sha256:a857d36f3a271870a1f64577ccc6e8d917737b2d2ab4dbfbecbff4208f991d69",
                "sha256:ae056f3ea4e3379491a73311fe2032b38ad46f87c5b28d43feb347eb2dc875c6",
                "sha256:b664b9304fe21f5719442eafbfbb344df599ccd0956371cbc3e2eeee4938ce7c",
                "sha256:b6db65395357b49a4a57d072f09fca4613fcaec887e8859b092217c65d49f770",
                "sha256:bab893f4e800eaaee2c0667c5ceac25873e7d801226f011cf24f52c73fb16274",
                "sha256:ce6b36bc642be802a20c29f296590bf1cfbc9a12e7e622665fe70b5d508ed281",
                "sha256:cf96e2afe55fc3fd5e71995ccbb0047f6666416e662e1a5610095b717ce5863b",
                "sha256:d0b8e60a43edeac8c47046b1a29c379c4d714e0ace3f0ae8c39bdef9c4bad7fb",
                "sha256:f06992591a7809d67119bd202d86cb8f851f4f05b85da2e909896d4c1742f7ac",
                "sha256:f15281b23682aceb30f01f51b5018be41328d64dc557f10e51ba994289bbe939",
                "sha256:fce60ed7f065cb857f540bfdcb9799bbde17d7d3e66640e52e009c8ad823f2c2",
                "sha256:ff0f1e806d01a1d41c400a161b0d43f208b04f5dd0478a888741edaa2cbd4ac1"
            ],
            "index": "pypi",
            "version": "==0.2.7"
        },
        "greenlet": {
            "hashes": [
                "sha256:03a8f4f3430c3b3ff8d10a2a86028c660355ab637cee9333d63d66b56f09d52a",
                "sha256:0bf60faf0bc2468089bdc5edd10555bab6e85152191df713e2ab1fcc86382b5a",
                "sha256:18a7f18b82b52ee85322d7a7874e676f34ab319b9f8cce5de06067384aa8ff43",
                "sha256:18e98fb3de7dba1c0a852731c3070cf022d14f0d68b4c87a19cc1016f3bb8b33",
                "sha256:1a819eef4b0e0b96bb0d98d797bef17dc1b4a10e8d7446be32d1da33e095dbb8",
                "sha256:26fbfce90728d82bc9e6c38ea4d038cba20b7faf8a0ca53a9c07b67318d46088",
                "sha256:2780572ec463d44c1d3ae850239508dbeb9fed38e294c68d19a24d925d9223ca",
                "sha256:283737e0da3f08bd637b5ad058507e578dd462db259f7f6e4c5c365ba4ee9343",
                "sha256:2d4686f195e32d36b4d7cf2d166857dbd0ee9f3d20ae349b6bf8afc8485b3645",
                "sha256:2dd11f291565a81d71dab10b7033395b7a3a5456e637cf997a6f33ebdf06f8db",
                "sha256:30bcf80dda7f15ac77ba5af2b961bdd9dbc77fd4ac6105cee85b0d0a5fcf74df",
                "sha256:32e5b64b148966d9cccc2c8d35a671409e45f195864560829f395a54226408d3",
                "sha256:36abbf031e1c0f79dd5d596bfaf8e921c41df2bdf54ee1eed921ce1f52999a86",
                "sha256:3a06ad5312349fec0ab944664b01d26f8d1f05009566339ac6f63f56589bc1a2",
                "sha256:3a51c9751078733d88e013587b108f1b7a1fb106d402fb390740f002b6f6551a",
                "sha256:3c9b12575734155d0c09d6c3e10dbd81665d5c18e1a7c6597df72fd05990c8cf",
                "sha256:3f6ea9bd35eb450837a3d80e77b517ea5bc56b4647f5502cd28de13675ee12f7",
                "sha256:4b58adb399c4d61d912c4c331984d60eb66565175cdf4a34792cd9600f21b394",
                "sha256:4d2e11331fc0c02b6e84b0d28ece3a36e0548ee1a1ce9ddde03752d9b79bba40",
                "sha256:5454276c07d27a740c5892f4907c86327b632127dd9abec42ee62e12427ff7e3",
                "sha256:561091a7be172ab497a3527602d467e2b3fbe75f9e783d8b8ce403fa414f71a6",
                "sha256:6c3acb79b0bfd4fe733dff8bc62695283b57949ebcca05ae5c129eb606ff2d74",
                "sha256:703f18f3fda276b9a916f0934d2fb6d989bf0b4fb5a64825260eb9bfd52d78f0",
                "sha256:7492e2b7bd7c9b9916388d9df23fa49d9b88ac0640db0a5b4ecc2b653bf451e3",
                "sha256:76ae285c8104046b3a7f06b42f29c7b73f77683df18c49ab5af7983994c2dd91",
                "sha256:7cafd1208fdbe93b67c7086876f061f660cfddc44f404279c1585bbf3cdc64c5",
                "sha256:7efde645ca1cc441d6dc4b48c0f7101e8d86b54c8530141b09fd31cef5149ec9",
                "sha256:88d9ab96491d38a5ab7c56dd7a3cc37d83336ecc564e4e8816dbed12e5aaefc8",
                "sha256:8eab883b3b2a38cc1e050819ef06a7e6344d4a990d24d45bc6f2cf959045a45b",
                "sha256:910841381caba4f744a44bf81bfd573c94e10b3045ee00de0cbf436fe50673a6",
                "sha256:9190f09060ea4debddd24665d6804b995a9c122ef5917ab26e1566dcc712ceeb",
                "sha256:937e9020b514ceedb9c830c55d5c9872abc90f4b5862f89c0887033ae33c6f73",
                "sha256:94c817e84245513926588caf1152e3b559ff794d505555211ca041f032abbb6b",
                "sha256:971ce5e14dc5e73715755d0ca2975ac88cfdaefcaab078a284fea6cfabf866df",
                "sha256:9d14b83fab60d5e8abe587d51c75b252bcc21683f24699ada8fb275d7712f5a9",
                "sha256:9f35ec95538f50292f6d8f2c9c9f8a3c6540bbfec21c9e5b4b751e0a7c20864f",
                "sha256:a1846f1b999e78e13837c93c778dcfc3365902cfb8d1bdb7dd73ead37059f0d0",
                "sha256:acd2162a36d3de67ee896c43effcd5ee3de247eb00354db411feb025aa319857",
                "sha256:b0ef99cdbe2b682b9ccbb964743a6aca37905fda5e0452e5ee239b1654d37f2a",
                "sha256:b80f600eddddce72320dbbc8e3784d16bd3fb7b517e82476d8da921f27d4b249",
                "sha256:b864ba53912b6c3ab6bcb2beb19f19edd01a6bfcbdfe1f37ddd1778abfe75a30",
                "sha256:b9ec052b06a0524f0e35bd8790686a1da006bd911dd1ef7d50b77bfbad74e292",
                "sha256:ba2956617f1c42598a308a84c6cf021a90ff3862eddafd20c3333d50f0edb45b",
                "sha256:bdfea8c661e80d3c1c99ad7c3ff74e6e87184895bbaca6ee8cc61209f8b9b85d",
                "sha256:be4ed120b52ae4d974aa40215fcdfde9194d63541c7ded40ee12eb4dda57b76b",
                "sha256:c4302695ad8027363e96311df24ee28978162cdcdd2006476c43970b384a244c",
                "sha256:c48f54ef8e05f04d6eff74b8233f6063cb1ed960243eacc474ee73a2ea8573ca",
                "sha256:c9c59a2120b55788e800d82dfa99b9e156ff8f2227f07c5e3012a45a399620b7",
                "sha256:cd021c754b162c0fb55ad5d6b9d960db667faad0fa2ff25bb6e1301b0b6e6a75",
                "sha256:d27ec7509b9c18b6d73f2f5ede2622441de812e7b1a80bbd446cb0633bd3d5ae",
                "sha256:d5508f0b173e6aa47273bdc0a0b5ba055b59662ba7c7ee5119528f466585526b",
                "sha256:d75209eed723105f9596807495d58d10b3470fa6732dd6756595e89925ce2470",
                "sha256:db1a39669102a1d8d12b57de2bb7e2ec9066a6f2b3da35ae511ff93b01b5d564",
                "sha256:dbfcfc0218093a19c252ca8eb9aee3d29cfdcb586df21049b9d777fd32c14fd9",
                "sha256:e0f72c9ddb8cd28532185f54cc1453f2c16fb417a08b53a855c4e6a418edd099",
                "sha256:e7c8dc13af7db097bed64a051d2dd49e9f0af495c26995c00a9ee842690d34c0",
                "sha256:ea9872c80c132f4663822dd2a08d404073a5a9b5ba6155bea72fb2a79d1093b5",
                "sha256:eff4eb9b7eb3e4d0cae3d28c283dc16d9bed6b193c2e1ace3ed86ce48ea8df19",
                "sha256:f82d4d717d8ef19188687aa32b8363e96062911e63ba22a0cff7802a8e58e5f1",
                "sha256:fc3a569657468b6f3fb60587e48356fe512c1754ca05a564f11366ac9e306526"
            ],
            "markers": "platform_machine == 'aarch64' or (platform_machine == 'ppc64le' or (platform_machine == 'x86_64' or (platform_machine == 'amd64' or (platform_machine == 'AMD64' or (platform_machine == 'win32' or platform_machine == 'WIN32')))))",
            "version": "==2.0.2"
        },
        "mysql-connector-python": {
            "hashes": [
                "sha256:0004426e964856148e1cde31e9b8be63ae3013715b048ff0f2ede69a6ddd36f7",
                "sha256:016662c6252f2c5f47805d9168187be1316d0c1d7109f9fe668482c3d6e5711d",
                "sha256:241483065ad062256985e082e3cbb3e7d1d6d2275cee17c66d22525b09096201",
                "sha256:34d5c5f6ec7c1e75bf972def40d097138e097dc694e36dec89a5dd604ef7aada",
                "sha256:37eace5b7eb676a41ff1edc5cf6ce4ae1c28406d1a6fe84941e6aa396d688195",
                "sha256:3bedf8265fb31698e4144ca54e241e3386802c3a437745b1a536a74cbe7e4fb9",
                "sha256:41db4452a99ee28494313eab1aa7749475d3e39bed7b24a0868aee45bd0d9c73",
                "sha256:46ff8a10c13f39996d60f45c30cf2ea15e883bc71d58259ed2fea0a5a6fb93a3",
                "sha256:4c82fb70f44f2469c0879434c1d8ee3162f56a40cc8f5ca1cc4d97f06c84cd43",
                "sha256:7266d7b2550f9fe0cdcea1647aa6aade352e14095042b6a3921c9152cf8543e8",
                "sha256:7318f416b9defe84b2bd025304bab62b68f8d8fcbe479af5593161eff12ef169",
                "sha256:753d07fb39a67f7f35fe6e6a4fac12008287661de59f9d5c0bf4da3359d83eb8",
                "sha256:96f7fb0ccfe96e6e478e5f0f034c99bda961b99ffa1c746cee39cfea45b0c04d",
                "sha256:9775331fa60b5d5a6925781d77eee4384e2b54a12dea694ffdefd1cf1a9c0fdb",
                "sha256:984f5649e6abee04461d6f52fbc77387d7137b8fd003c54bac66505006f17183",
                "sha256:9f5eb33e29742c5f8ef23df2d3f0de0e46f4325e4324016e15aba7f8665a68c0",
                "sha256:a632d7b0e569a46e6d44e6cd3f8db747995a787a081870697dbfd3ae18949339",
                "sha256:af9feec311d8ea51261e1ef1f959a442708e30f0024d08d0fb537b07a1271634",
                "sha256:c20a85a69af41d2d7d5cf52106f0b9473775819d189487c6ff3d3f3946931ca2",
                "sha256:d8167868ebad8d78ba69babd028626e96a51365cab76edf735b2559731759b62",
                "sha256:db422b19347c5d00e078dd64e281e5b1e5a19a2d972dc2d9733b136d79c34798",
                "sha256:e853e12c00e3beabc581f4e039222708ee606fef80a3bac6b1f497ed89a31aea",
                "sha256:ea05590cb972b114efa027c343b4b7110d8e8450493984ebfb9a651e27674636",
                "sha256:f324233af7ec9fcb19c23096af27662459708c0465886cb017d78ff3f5b78b55",
                "sha256:f403ff22d3514d08028590fef463d17dc107ac72ea27a49429614949d82fda40"
            ],
            "index": "pypi",
            "version": "==8.0.33"
        },
        "mysqlclient": {
            "hashes": [
                "sha256:0d1cd3a5a4d28c222fa199002810e8146cffd821410b67851af4cc80aeccd97c",
                "sha256:828757e419fb11dd6c5ed2576ec92c3efaa93a0f7c39e263586d1ee779c3d782",
                "sha256:996924f3483fd36a34a5812210c69e71dea5a3d5978d01199b78b7f6d485c855",
                "sha256:b355c8b5a7d58f2e909acdbb050858390ee1b0e13672ae759e5e784110022994",
                "sha256:c1ed71bd6244993b526113cca3df66428609f90e4652f37eb51c33496d478b37",
                "sha256:c812b67e90082a840efb82a8978369e6e69fc62ce1bda4ca8f3084a9d862308b",
                "sha256:dea88c8d3f5a5d9293dfe7f087c16dd350ceb175f2f6631c9cf4caf3e19b7a96"
            ],
            "index": "pypi",
            "version": "==2.1.1"
        },
        "protobuf": {
            "hashes": [
                "sha256:03038ac1cfbc41aa21f6afcbcd357281d7521b4157926f30ebecc8d4ea59dcb7",
                "sha256:28545383d61f55b57cf4df63eebd9827754fd2dc25f80c5253f9184235db242c",
                "sha256:2e3427429c9cffebf259491be0af70189607f365c2f41c7c3764af6f337105f2",
                "sha256:398a9e0c3eaceb34ec1aee71894ca3299605fa8e761544934378bbc6c97de23b",
                "sha256:44246bab5dd4b7fbd3c0c80b6f16686808fab0e4aca819ade6e8d294a29c7050",
                "sha256:447d43819997825d4e71bf5769d869b968ce96848b6479397e29fc24c4a5dfe9",
                "sha256:67a3598f0a2dcbc58d02dd1928544e7d88f764b47d4a286202913f0b2801c2e7",
                "sha256:74480f79a023f90dc6e18febbf7b8bac7508420f2006fabd512013c0c238f454",
                "sha256:819559cafa1a373b7096a482b504ae8a857c89593cf3a25af743ac9ecbd23480",
                "sha256:899dc660cd599d7352d6f10d83c95df430a38b410c1b66b407a6b29265d66469",
                "sha256:8c0c984a1b8fef4086329ff8dd19ac77576b384079247c770f29cc8ce3afa06c",
                "sha256:9aae4406ea63d825636cc11ffb34ad3379335803216ee3a856787bcf5ccc751e",
                "sha256:a7ca6d488aa8ff7f329d4c545b2dbad8ac31464f1d8b1c87ad1346717731e4db",
                "sha256:b6cc7ba72a8850621bfec987cb72623e703b7fe2b9127a161ce61e61558ad905",
                "sha256:bf01b5720be110540be4286e791db73f84a2b721072a3711efff6c324cdf074b",
                "sha256:c02ce36ec760252242a33967d51c289fd0e1c0e6e5cc9397e2279177716add86",
                "sha256:d9e4432ff660d67d775c66ac42a67cf2453c27cb4d738fc22cb53b5d84c135d4",
                "sha256:daa564862dd0d39c00f8086f88700fdbe8bc717e993a21e90711acfed02f2402",
                "sha256:de78575669dddf6099a8a0f46a27e82a1783c557ccc38ee620ed8cc96d3be7d7",
                "sha256:e64857f395505ebf3d2569935506ae0dfc4a15cb80dc25261176c784662cdcc4",
                "sha256:f4bd856d702e5b0d96a00ec6b307b0f51c1982c2bf9c0052cf9019e9a544ba99",
                "sha256:f4c42102bc82a51108e449cbb32b19b180022941c727bac0cfd50170341f16ee"
            ],
            "markers": "python_version >= '3.7'",
            "version": "==3.20.3"
        },
        "pydantic": {
            "extras": [
                "dotenv"
            ],
            "hashes": [
                "sha256:052d8654cb65174d6f9490cc9b9a200083a82cf5c3c5d3985db765757eb3b375",
                "sha256:0c6fafa0965b539d7aab0a673a046466d23b86e4b0e8019d25fd53f4df62c277",
                "sha256:1243d28e9b05003a89d72e7915fdb26ffd1d39bdd39b00b7dbe4afae4b557f9d",
                "sha256:12f7b0bf8553e310e530e9f3a2f5734c68699f42218bf3568ef49cd9b0e44df4",
                "sha256:1410275520dfa70effadf4c21811d755e7ef9bb1f1d077a21958153a92c8d9ca",
                "sha256:16f8c3e33af1e9bb16c7a91fc7d5fa9fe27298e9f299cff6cb744d89d573d62c",
                "sha256:17aef11cc1b997f9d574b91909fed40761e13fac438d72b81f902226a69dac01",
                "sha256:191ba419b605f897ede9892f6c56fb182f40a15d309ef0142212200a10af4c18",
                "sha256:1952526ba40b220b912cdc43c1c32bcf4a58e3f192fa313ee665916b26befb68",
                "sha256:1ced8375969673929809d7f36ad322934c35de4af3b5e5b09ec967c21f9f7887",
                "sha256:2e4148e635994d57d834be1182a44bdb07dd867fa3c2d1b37002000646cc5459",
                "sha256:34d327c81e68a1ecb52fe9c8d50c8a9b3e90d3c8ad991bfc8f953fb477d42fb4",
                "sha256:35db5301b82e8661fa9c505c800d0990bc14e9f36f98932bb1d248c0ac5cada5",
                "sha256:3e59417ba8a17265e632af99cc5f35ec309de5980c440c255ab1ca3ae96a3e0e",
                "sha256:42aa0c4b5c3025483240a25b09f3c09a189481ddda2ea3a831a9d25f444e03c1",
                "sha256:666bdf6066bf6dbc107b30d034615d2627e2121506c555f73f90b54a463d1f33",
                "sha256:66a703d1983c675a6e0fed8953b0971c44dba48a929a2000a493c3772eb61a5a",
                "sha256:6a82d6cda82258efca32b40040228ecf43a548671cb174a1e81477195ed3ed56",
                "sha256:6f2e754d5566f050954727c77f094e01793bcb5725b663bf628fa6743a5a9108",
                "sha256:7456eb22ed9aaa24ff3e7b4757da20d9e5ce2a81018c1b3ebd81a0b88a18f3b2",
                "sha256:7b1f6cb446470b7ddf86c2e57cd119a24959af2b01e552f60705910663af09a4",
                "sha256:7d5b8641c24886d764a74ec541d2fc2c7fb19f6da2a4001e6d580ba4a38f7878",
                "sha256:84d80219c3f8d4cad44575e18404099c76851bc924ce5ab1c4c8bb5e2a2227d0",
                "sha256:88f195f582851e8db960b4a94c3e3ad25692c1c1539e2552f3df7a9e972ef60e",
                "sha256:93e6bcfccbd831894a6a434b0aeb1947f9e70b7468f274154d03d71fabb1d7c6",
                "sha256:93e766b4a8226e0708ef243e843105bf124e21331694367f95f4e3b4a92bbb3f",
                "sha256:ab523c31e22943713d80d8d342d23b6f6ac4b792a1e54064a8d0cf78fd64e800",
                "sha256:bb14388ec45a7a0dc429e87def6396f9e73c8c77818c927b6a60706603d5f2ea",
                "sha256:c0ab53b609c11dfc0c060d94335993cc2b95b2150e25583bec37a49b2d6c6c3f",
                "sha256:c33b60054b2136aef8cf190cd4c52a3daa20b2263917c49adad20eaf381e823b",
                "sha256:ceb6a23bf1ba4b837d0cfe378329ad3f351b5897c8d4914ce95b85fba96da5a1",
                "sha256:d532bf00f381bd6bc62cabc7d1372096b75a33bc197a312b03f5838b4fb84edd",
                "sha256:df7800cb1984d8f6e249351139667a8c50a379009271ee6236138a22a0c0f319",
                "sha256:e82d4566fcd527eae8b244fa952d99f2ca3172b7e97add0b43e2d97ee77f81ab",
                "sha256:f90c1e29f447557e9e26afb1c4dbf8768a10cc676e3781b6a577841ade126b85",
                "sha256:f9613fadad06b4f3bc5db2653ce2f22e0de84a7c6c293909b48f6ed37b83c61f"
            ],
            "index": "pypi",
            "version": "==1.10.8"
        },
        "python-dotenv": {
            "hashes": [
                "sha256:a8df96034aae6d2d50a4ebe8216326c61c3eb64836776504fcca410e5937a3ba",
                "sha256:f5971a9226b701070a4bf2c38c89e5a3f0d64de8debda981d1db98583009122a"
            ],
            "version": "==1.0.0"
        },
        "sqlalchemy": {
            "extras": [
                "asyncio"
            ],
            "hashes": [
                "sha256:1a0754c2d9f0c7982bec0a31138e495ed1f6b8435d7e677c45be60ec18370acf",
                "sha256:1d6320a1d175447dce63618ec997a53836de48ed3b44bbe952f0b4b399b19941",
                "sha256:1e885dacb167077df15af2f9ccdacbd7f5dd0d538a6d74b94074f2cefc7bb589",
                "sha256:201a99f922ac8c780b3929128fbd9df901418877c70e160e19adb05665e51c31",
                "sha256:21c89044fc48a25c2184eba332edeffbbf9367913bb065cd31538235d828f06f",
                "sha256:256b2b9660e51ad7055a9835b12717416cf7288afcf465107413917b6bb2316f",
                "sha256:2e940a8659ef870ae10e0d9e2a6d5aaddf0ff6e91f7d0d7732afc9e8c4be9bbc",
                "sha256:3fb5d09f1d51480f711b69fe28ad42e4f8b08600a85ab2473baee669e1257800",
                "sha256:435f6807fa6a0597d84741470f19db204a7d34625ea121abd63e8d95f673f0c4",
                "sha256:4670ce853cb25f72115a1bbe366ae13cf3f28fc5c87222df14f8d3d55d51816e",
                "sha256:4a75fdb9a84072521bb2ebd31eefe1165d4dccea3039dda701a864f4b5daa17f",
                "sha256:4d61731a35eddb0f667774fe15e5a4831e444d066081d1e809e1b8a0e3f97cae",
                "sha256:51b19887c96d405599880da6a7cbdf8545a7e78ec5683e46a43bac8885e32d0f",
                "sha256:536c86ec81ca89291d533ff41a3a05f9e4e88e01906dcee0751fc7082f3e8d6c",
                "sha256:55ec62ddc0200b4fee94d11abbec7aa25948d5d21cb8df8807f4bdd3c51ba44b",
                "sha256:5cc48a7fda2b5c5b8860494d6c575db3a101a68416492105fed6591dc8a2728a",
                "sha256:670ecf74ee2e70b917028a06446ad26ff9b1195e84b09c3139c215123d57dc30",
                "sha256:6a3f8020e013e9b3b7941dcf20b0fc8f7429daaf7158760846731cbd8caa5e45",
                "sha256:6b42913a0259267e9ee335da0c36498077799e59c5e332d506e72b4f32de781d",
                "sha256:6f5784dfb2d45c19cde03c45c04a54bf47428610106197ed6e6fa79f33bc63d3",
                "sha256:6f80a9c9a9af0e4bd5080cc0955ce70274c28e9b931ad7e0fb07021afcd32af6",
                "sha256:78303719c6f72af97814b0072ad18bee72e70adca8d95cf8fecd59c5e1ddb040",
                "sha256:788d1772fb8dcd12091ca82809eef504ce0f2c423e45284bc351b872966ff554",
                "sha256:79bfe728219239bdc493950ea4a4d15b02138ecb304771f9024d0d6f5f4e3706",
                "sha256:810199d1c5b43603a9e815ae9487aef3ab1ade7ed9c0c485e12519358929fbfe",
                "sha256:88ab245ed2c96265441ed2818977be28c840cfa5204ba167425d6c26eb67b7e7",
                "sha256:933d30273861fe61f014ce2a7e3c364915f5efe9ed250ec1066ca6ea5942c0bd",
                "sha256:994a75b197662e0608b6a76935d7c345f7fd874eac0b7093d561033db61b0e8c",
                "sha256:9b31ebde27575b3b0708673ec14f0c305c4564d995b545148ab7ac0f4d9b847a",
                "sha256:9d810b4aacd5ef4e293aa4ea01f19fca53999e9edcfc4a8ef1146238b30bdc28",
                "sha256:ae1d8deb391ab39cc8f0d5844e588a115ae3717e607d91482023917f920f777f",
                "sha256:bc5c2b0da46c26c5f73f700834f871d0723e1e882641932468d56833bab09775",
                "sha256:cea7c4a3dfc2ca61f88a2b1ddd6b0bfbd116c9b1a361b3b66fd826034b833142",
                "sha256:d14282bf5b4de87f922db3c70858953fd081ef4f05dba6cca3dd705daffe1cc9",
                "sha256:d6b17cb86908e7f88be14007d6afe7d2ab11966e373044137f96a6a4d83eb21c",
                "sha256:da7381a883aee20b7d2ffda17d909b38134b6a625920e65239a1c681881df800",
                "sha256:db269f67ed17b07e80aaa8fba1f650c0d84aa0bdd9d5352e4ac38d5bf47ac568",
                "sha256:df25052b92bd514357a9b370d74f240db890ea79aaa428fb893520e10ee5bc18",
                "sha256:e17fdcb8971e77c439113642ca8861f9465e21fc693bd3916654ceef3ac26883",
                "sha256:f6fd3c88ea4b170d13527e93be1945e69facd917661d3725a63470eb683fbffe",
                "sha256:f7f994a53c0e6b44a2966fd6bfc53e37d34b7dca34e75b6be295de6db598255e"
            ],
            "index": "pypi",
            "version": "==2.0.15"
        },
        "typing-extensions": {
            "hashes": [
                "sha256:06006244c70ac8ee83fa8282cb188f697b8db25bc8b4df07be1873c43897060c",
                "sha256:3a8b36f13dd5fdc5d1b16fe317f5668545de77fa0b8e02006381fd49d731ab98"
            ],
            "markers": "python_version >= '3.7'",
            "version": "==4.6.2"
        }
    },
    "develop": {}
}
